// !$*UTF8*$!
{
	archiveVersion = 1;
	classes = {
	};
	objectVersion = 56;
	objects = {

/* Begin PBXBuildFile section */
		0E0F312A2ABEF6F400A95794 /* PageManager.swift in Sources */ = {isa = PBXBuildFile; fileRef = 0E0F31292ABEF6F400A95794 /* PageManager.swift */; };
		0E0F312C2ABEF90D00A95794 /* MainView.swift in Sources */ = {isa = PBXBuildFile; fileRef = 0E0F312B2ABEF90D00A95794 /* MainView.swift */; };
		0E0F312E2ABEFAD400A95794 /* AlbumView.swift in Sources */ = {isa = PBXBuildFile; fileRef = 0E0F312D2ABEFAD400A95794 /* AlbumView.swift */; };
		0E0F31302ABEFAF100A95794 /* GalleryView.swift in Sources */ = {isa = PBXBuildFile; fileRef = 0E0F312F2ABEFAF100A95794 /* GalleryView.swift */; };
		0E0F31322ABEFB1C00A95794 /* CarouselView.swift in Sources */ = {isa = PBXBuildFile; fileRef = 0E0F31312ABEFB1C00A95794 /* CarouselView.swift */; };
		0E0F31342ABEFB2500A95794 /* VoiceView.swift in Sources */ = {isa = PBXBuildFile; fileRef = 0E0F31332ABEFB2500A95794 /* VoiceView.swift */; };
		0E0F31362ABEFB2C00A95794 /* InfoView.swift in Sources */ = {isa = PBXBuildFile; fileRef = 0E0F31352ABEFB2C00A95794 /* InfoView.swift */; };
		0E0F314E2ABF22F000A95794 /* UIScreen+.swift in Sources */ = {isa = PBXBuildFile; fileRef = 0E0F314D2ABF22F000A95794 /* UIScreen+.swift */; };
		0E0F31502ABF230600A95794 /* Images.swift in Sources */ = {isa = PBXBuildFile; fileRef = 0E0F314F2ABF230600A95794 /* Images.swift */; };
		0E0F31522ABF231400A95794 /* Texts.swift in Sources */ = {isa = PBXBuildFile; fileRef = 0E0F31512ABF231400A95794 /* Texts.swift */; };
		0E0F31562ABF234100A95794 /* ImagePickerView.swift in Sources */ = {isa = PBXBuildFile; fileRef = 0E0F31552ABF234100A95794 /* ImagePickerView.swift */; };
		0E0F31582ABF235500A95794 /* ImageCropView.swift in Sources */ = {isa = PBXBuildFile; fileRef = 0E0F31572ABF235500A95794 /* ImageCropView.swift */; };
		0E0F315A2ABF236900A95794 /* PhotoSelectButton.swift in Sources */ = {isa = PBXBuildFile; fileRef = 0E0F31592ABF236900A95794 /* PhotoSelectButton.swift */; };
		0E0F31692ABF38EE00A95794 /* VoiceViewModel.swift in Sources */ = {isa = PBXBuildFile; fileRef = 0E0F31682ABF38EE00A95794 /* VoiceViewModel.swift */; };
		0E0F316B2ABF390500A95794 /* TimerView.swift in Sources */ = {isa = PBXBuildFile; fileRef = 0E0F316A2ABF390500A95794 /* TimerView.swift */; };
		0E0F316E2ABF3D9B00A95794 /* SoundVisualizer.swift in Sources */ = {isa = PBXBuildFile; fileRef = 0E0F316D2ABF3D9B00A95794 /* SoundVisualizer.swift */; };
		0E0F31702ABF3DB700A95794 /* MicrophoneMonitor.swift in Sources */ = {isa = PBXBuildFile; fileRef = 0E0F316F2ABF3DB700A95794 /* MicrophoneMonitor.swift */; };
		0E0F31722ABF3DCE00A95794 /* BarView.swift in Sources */ = {isa = PBXBuildFile; fileRef = 0E0F31712ABF3DCE00A95794 /* BarView.swift */; };
		0E3C0E5B2ABF5C9A008DF2BD /* InfoTagView.swift in Sources */ = {isa = PBXBuildFile; fileRef = 0E3C0E5A2ABF5C9A008DF2BD /* InfoTagView.swift */; };
		0E3C0E5D2ABF5CFE008DF2BD /* Tag.swift in Sources */ = {isa = PBXBuildFile; fileRef = 0E3C0E5C2ABF5CFE008DF2BD /* Tag.swift */; };
		0E3C0E5F2ABF6F73008DF2BD /* AddDoneView.swift in Sources */ = {isa = PBXBuildFile; fileRef = 0E3C0E5E2ABF6F73008DF2BD /* AddDoneView.swift */; };
		0E3C0E612ABF6FD6008DF2BD /* LottieView.swift in Sources */ = {isa = PBXBuildFile; fileRef = 0E3C0E602ABF6FD6008DF2BD /* LottieView.swift */; };
		0E3C0E642ABF7019008DF2BD /* Lottie in Frameworks */ = {isa = PBXBuildFile; productRef = 0E3C0E632ABF7019008DF2BD /* Lottie */; };
		0E3C0E672ABF79E6008DF2BD /* DataManager.swift in Sources */ = {isa = PBXBuildFile; fileRef = 0E3C0E662ABF79E6008DF2BD /* DataManager.swift */; };
		0E3C0E6B2ABF7B5E008DF2BD /* Info.swift in Sources */ = {isa = PBXBuildFile; fileRef = 0E3C0E6A2ABF7B5E008DF2BD /* Info.swift */; };
		0E3C0E732ABFEE15008DF2BD /* PermissionHandler.swift in Sources */ = {isa = PBXBuildFile; fileRef = 0E3C0E722ABFEE15008DF2BD /* PermissionHandler.swift */; };
		0E4B89D12ABEB48200F358CD /* for_JOYApp.swift in Sources */ = {isa = PBXBuildFile; fileRef = 0E4B89D02ABEB48200F358CD /* for_JOYApp.swift */; };
		0E4B89D32ABEB48200F358CD /* ContentView.swift in Sources */ = {isa = PBXBuildFile; fileRef = 0E4B89D22ABEB48200F358CD /* ContentView.swift */; };
		0E4B89D52ABEB48400F358CD /* Assets.xcassets in Resources */ = {isa = PBXBuildFile; fileRef = 0E4B89D42ABEB48400F358CD /* Assets.xcassets */; };
		0E4B89D82ABEB48400F358CD /* Preview Assets.xcassets in Resources */ = {isa = PBXBuildFile; fileRef = 0E4B89D72ABEB48400F358CD /* Preview Assets.xcassets */; };
		5B6A3F9D2ABEB81D0040C348 /* Font+.swift in Sources */ = {isa = PBXBuildFile; fileRef = 5B6A3F9C2ABEB81D0040C348 /* Font+.swift */; };
		5B6A3F9F2ABEB85E0040C348 /* Colors+.swift in Sources */ = {isa = PBXBuildFile; fileRef = 5B6A3F9E2ABEB85E0040C348 /* Colors+.swift */; };
		5B6A3FA12ABEB87A0040C348 /* Date+.swift in Sources */ = {isa = PBXBuildFile; fileRef = 5B6A3FA02ABEB87A0040C348 /* Date+.swift */; };
		5B6A3FA72ABEBAB00040C348 /* SaveComplete2.json in Resources */ = {isa = PBXBuildFile; fileRef = 5B6A3FA42ABEBAB00040C348 /* SaveComplete2.json */; };
		5B6A3FA82ABEBAB00040C348 /* RecComplete2.json in Resources */ = {isa = PBXBuildFile; fileRef = 5B6A3FA52ABEBAB00040C348 /* RecComplete2.json */; };
		5B6A3FA92ABEBAB00040C348 /* panpare.json in Resources */ = {isa = PBXBuildFile; fileRef = 5B6A3FA62ABEBAB00040C348 /* panpare.json */; };
		5B6A3FAC2ABEE6D60040C348 /* RealmManager.swift in Sources */ = {isa = PBXBuildFile; fileRef = 5B6A3FAB2ABEE6D60040C348 /* RealmManager.swift */; };
		5B6A3FAF2ABEE7A70040C348 /* Realm in Frameworks */ = {isa = PBXBuildFile; productRef = 5B6A3FAE2ABEE7A70040C348 /* Realm */; };
		5B6A3FB12ABEE7A70040C348 /* RealmSwift in Frameworks */ = {isa = PBXBuildFile; productRef = 5B6A3FB02ABEE7A70040C348 /* RealmSwift */; };
		5B6A3FB62ABEFE150040C348 /* Memory.swift in Sources */ = {isa = PBXBuildFile; fileRef = 5B6A3FB52ABEFE150040C348 /* Memory.swift */; };
		5B6A3FBA2ABF03B20040C348 /* test.swift in Sources */ = {isa = PBXBuildFile; fileRef = 5B6A3FB92ABF03B20040C348 /* test.swift */; };
/* End PBXBuildFile section */

/* Begin PBXFileReference section */
		0E0F31292ABEF6F400A95794 /* PageManager.swift */ = {isa = PBXFileReference; lastKnownFileType = sourcecode.swift; path = PageManager.swift; sourceTree = "<group>"; };
		0E0F312B2ABEF90D00A95794 /* MainView.swift */ = {isa = PBXFileReference; lastKnownFileType = sourcecode.swift; path = MainView.swift; sourceTree = "<group>"; };
		0E0F312D2ABEFAD400A95794 /* AlbumView.swift */ = {isa = PBXFileReference; lastKnownFileType = sourcecode.swift; path = AlbumView.swift; sourceTree = "<group>"; };
		0E0F312F2ABEFAF100A95794 /* GalleryView.swift */ = {isa = PBXFileReference; lastKnownFileType = sourcecode.swift; path = GalleryView.swift; sourceTree = "<group>"; };
		0E0F31312ABEFB1C00A95794 /* CarouselView.swift */ = {isa = PBXFileReference; lastKnownFileType = sourcecode.swift; path = CarouselView.swift; sourceTree = "<group>"; };
		0E0F31332ABEFB2500A95794 /* VoiceView.swift */ = {isa = PBXFileReference; lastKnownFileType = sourcecode.swift; path = VoiceView.swift; sourceTree = "<group>"; };
		0E0F31352ABEFB2C00A95794 /* InfoView.swift */ = {isa = PBXFileReference; lastKnownFileType = sourcecode.swift; path = InfoView.swift; sourceTree = "<group>"; };
		0E0F314D2ABF22F000A95794 /* UIScreen+.swift */ = {isa = PBXFileReference; lastKnownFileType = sourcecode.swift; path = "UIScreen+.swift"; sourceTree = "<group>"; };
		0E0F314F2ABF230600A95794 /* Images.swift */ = {isa = PBXFileReference; lastKnownFileType = sourcecode.swift; path = Images.swift; sourceTree = "<group>"; };
		0E0F31512ABF231400A95794 /* Texts.swift */ = {isa = PBXFileReference; lastKnownFileType = sourcecode.swift; path = Texts.swift; sourceTree = "<group>"; };
		0E0F31552ABF234100A95794 /* ImagePickerView.swift */ = {isa = PBXFileReference; lastKnownFileType = sourcecode.swift; path = ImagePickerView.swift; sourceTree = "<group>"; };
		0E0F31572ABF235500A95794 /* ImageCropView.swift */ = {isa = PBXFileReference; lastKnownFileType = sourcecode.swift; path = ImageCropView.swift; sourceTree = "<group>"; };
		0E0F31592ABF236900A95794 /* PhotoSelectButton.swift */ = {isa = PBXFileReference; lastKnownFileType = sourcecode.swift; path = PhotoSelectButton.swift; sourceTree = "<group>"; };
		0E0F31682ABF38EE00A95794 /* VoiceViewModel.swift */ = {isa = PBXFileReference; lastKnownFileType = sourcecode.swift; path = VoiceViewModel.swift; sourceTree = "<group>"; };
		0E0F316A2ABF390500A95794 /* TimerView.swift */ = {isa = PBXFileReference; lastKnownFileType = sourcecode.swift; path = TimerView.swift; sourceTree = "<group>"; };
		0E0F316D2ABF3D9B00A95794 /* SoundVisualizer.swift */ = {isa = PBXFileReference; lastKnownFileType = sourcecode.swift; path = SoundVisualizer.swift; sourceTree = "<group>"; };
		0E0F316F2ABF3DB700A95794 /* MicrophoneMonitor.swift */ = {isa = PBXFileReference; lastKnownFileType = sourcecode.swift; path = MicrophoneMonitor.swift; sourceTree = "<group>"; };
		0E0F31712ABF3DCE00A95794 /* BarView.swift */ = {isa = PBXFileReference; lastKnownFileType = sourcecode.swift; path = BarView.swift; sourceTree = "<group>"; };
		0E3C0E5A2ABF5C9A008DF2BD /* InfoTagView.swift */ = {isa = PBXFileReference; lastKnownFileType = sourcecode.swift; path = InfoTagView.swift; sourceTree = "<group>"; };
		0E3C0E5C2ABF5CFE008DF2BD /* Tag.swift */ = {isa = PBXFileReference; lastKnownFileType = sourcecode.swift; path = Tag.swift; sourceTree = "<group>"; };
		0E3C0E5E2ABF6F73008DF2BD /* AddDoneView.swift */ = {isa = PBXFileReference; lastKnownFileType = sourcecode.swift; path = AddDoneView.swift; sourceTree = "<group>"; };
		0E3C0E602ABF6FD6008DF2BD /* LottieView.swift */ = {isa = PBXFileReference; lastKnownFileType = sourcecode.swift; path = LottieView.swift; sourceTree = "<group>"; };
		0E3C0E662ABF79E6008DF2BD /* DataManager.swift */ = {isa = PBXFileReference; lastKnownFileType = sourcecode.swift; path = DataManager.swift; sourceTree = "<group>"; };
		0E3C0E6A2ABF7B5E008DF2BD /* Info.swift */ = {isa = PBXFileReference; lastKnownFileType = sourcecode.swift; path = Info.swift; sourceTree = "<group>"; };
		0E3C0E722ABFEE15008DF2BD /* PermissionHandler.swift */ = {isa = PBXFileReference; lastKnownFileType = sourcecode.swift; path = PermissionHandler.swift; sourceTree = "<group>"; };
		0E4B89CD2ABEB48200F358CD /* for.JOY.app */ = {isa = PBXFileReference; explicitFileType = wrapper.application; includeInIndex = 0; path = for.JOY.app; sourceTree = BUILT_PRODUCTS_DIR; };
		0E4B89D02ABEB48200F358CD /* for_JOYApp.swift */ = {isa = PBXFileReference; lastKnownFileType = sourcecode.swift; path = for_JOYApp.swift; sourceTree = "<group>"; };
		0E4B89D22ABEB48200F358CD /* ContentView.swift */ = {isa = PBXFileReference; lastKnownFileType = sourcecode.swift; path = ContentView.swift; sourceTree = "<group>"; };
		0E4B89D42ABEB48400F358CD /* Assets.xcassets */ = {isa = PBXFileReference; lastKnownFileType = folder.assetcatalog; path = Assets.xcassets; sourceTree = "<group>"; };
		0E4B89D72ABEB48400F358CD /* Preview Assets.xcassets */ = {isa = PBXFileReference; lastKnownFileType = folder.assetcatalog; path = "Preview Assets.xcassets"; sourceTree = "<group>"; };
		5B6A3F9C2ABEB81D0040C348 /* Font+.swift */ = {isa = PBXFileReference; lastKnownFileType = sourcecode.swift; path = "Font+.swift"; sourceTree = "<group>"; };
		5B6A3F9E2ABEB85E0040C348 /* Colors+.swift */ = {isa = PBXFileReference; lastKnownFileType = sourcecode.swift; path = "Colors+.swift"; sourceTree = "<group>"; };
		5B6A3FA02ABEB87A0040C348 /* Date+.swift */ = {isa = PBXFileReference; lastKnownFileType = sourcecode.swift; path = "Date+.swift"; sourceTree = "<group>"; };
		5B6A3FA42ABEBAB00040C348 /* SaveComplete2.json */ = {isa = PBXFileReference; fileEncoding = 4; lastKnownFileType = text.json; path = SaveComplete2.json; sourceTree = "<group>"; };
		5B6A3FA52ABEBAB00040C348 /* RecComplete2.json */ = {isa = PBXFileReference; fileEncoding = 4; lastKnownFileType = text.json; path = RecComplete2.json; sourceTree = "<group>"; };
		5B6A3FA62ABEBAB00040C348 /* panpare.json */ = {isa = PBXFileReference; fileEncoding = 4; lastKnownFileType = text.json; path = panpare.json; sourceTree = "<group>"; };
		5B6A3FAB2ABEE6D60040C348 /* RealmManager.swift */ = {isa = PBXFileReference; lastKnownFileType = sourcecode.swift; path = RealmManager.swift; sourceTree = "<group>"; };
		5B6A3FB52ABEFE150040C348 /* Memory.swift */ = {isa = PBXFileReference; lastKnownFileType = sourcecode.swift; path = Memory.swift; sourceTree = "<group>"; };
		5B6A3FB92ABF03B20040C348 /* test.swift */ = {isa = PBXFileReference; lastKnownFileType = sourcecode.swift; path = test.swift; sourceTree = "<group>"; };
/* End PBXFileReference section */

/* Begin PBXFrameworksBuildPhase section */
		0E4B89CA2ABEB48200F358CD /* Frameworks */ = {
			isa = PBXFrameworksBuildPhase;
			buildActionMask = 2147483647;
			files = (
				5B6A3FB12ABEE7A70040C348 /* RealmSwift in Frameworks */,
				5B6A3FAF2ABEE7A70040C348 /* Realm in Frameworks */,
				0E3C0E642ABF7019008DF2BD /* Lottie in Frameworks */,
			);
			runOnlyForDeploymentPostprocessing = 0;
		};
/* End PBXFrameworksBuildPhase section */

/* Begin PBXGroup section */
		0E0F31372ABEFB6B00A95794 /* Views */ = {
			isa = PBXGroup;
			children = (
				0E3C0E592ABF405C008DF2BD /* Info */,
				0E0F31672ABF38BB00A95794 /* Voice */,
				0E0F31542ABF232A00A95794 /* Album */,
				0E0F31532ABF232300A95794 /* Camera */,
				0E0F312B2ABEF90D00A95794 /* MainView.swift */,
				0E0F312F2ABEFAF100A95794 /* GalleryView.swift */,
				0E0F31312ABEFB1C00A95794 /* CarouselView.swift */,
				0E3C0E5E2ABF6F73008DF2BD /* AddDoneView.swift */,
				0E3C0E602ABF6FD6008DF2BD /* LottieView.swift */,
			);
			path = Views;
			sourceTree = "<group>";
		};
		0E0F31532ABF232300A95794 /* Camera */ = {
			isa = PBXGroup;
			children = (
				0E0F31552ABF234100A95794 /* ImagePickerView.swift */,
				0E0F31572ABF235500A95794 /* ImageCropView.swift */,
			);
			path = Camera;
			sourceTree = "<group>";
		};
		0E0F31542ABF232A00A95794 /* Album */ = {
			isa = PBXGroup;
			children = (
				0E0F312D2ABEFAD400A95794 /* AlbumView.swift */,
				0E0F31592ABF236900A95794 /* PhotoSelectButton.swift */,
			);
			path = Album;
			sourceTree = "<group>";
		};
		0E0F31672ABF38BB00A95794 /* Voice */ = {
			isa = PBXGroup;
			children = (
				0E0F316C2ABF3D8B00A95794 /* SoundVisualizer */,
				0E0F31332ABEFB2500A95794 /* VoiceView.swift */,
				0E0F31682ABF38EE00A95794 /* VoiceViewModel.swift */,
				0E0F316A2ABF390500A95794 /* TimerView.swift */,
			);
			path = Voice;
			sourceTree = "<group>";
		};
		0E0F316C2ABF3D8B00A95794 /* SoundVisualizer */ = {
			isa = PBXGroup;
			children = (
				0E0F316D2ABF3D9B00A95794 /* SoundVisualizer.swift */,
				0E0F316F2ABF3DB700A95794 /* MicrophoneMonitor.swift */,
				0E0F31712ABF3DCE00A95794 /* BarView.swift */,
			);
			path = SoundVisualizer;
			sourceTree = "<group>";
		};
		0E3C0E592ABF405C008DF2BD /* Info */ = {
			isa = PBXGroup;
			children = (
				0E0F31352ABEFB2C00A95794 /* InfoView.swift */,
				0E3C0E5A2ABF5C9A008DF2BD /* InfoTagView.swift */,
			);
			path = Info;
			sourceTree = "<group>";
		};
		0E3C0E652ABF79BD008DF2BD /* Model */ = {
			isa = PBXGroup;
			children = (
				0E3C0E5C2ABF5CFE008DF2BD /* Tag.swift */,
				0E0F31512ABF231400A95794 /* Texts.swift */,
				0E0F314F2ABF230600A95794 /* Images.swift */,
				0E0F31292ABEF6F400A95794 /* PageManager.swift */,
				0E3C0E662ABF79E6008DF2BD /* DataManager.swift */,
				0E3C0E6A2ABF7B5E008DF2BD /* Info.swift */,
			);
			path = Model;
			sourceTree = "<group>";
		};
		0E4B89C42ABEB48100F358CD = {
			isa = PBXGroup;
			children = (
				0E4B89CF2ABEB48200F358CD /* for.JOY */,
				0E4B89CE2ABEB48200F358CD /* Products */,
			);
			sourceTree = "<group>";
		};
		0E4B89CE2ABEB48200F358CD /* Products */ = {
			isa = PBXGroup;
			children = (
				0E4B89CD2ABEB48200F358CD /* for.JOY.app */,
			);
			name = Products;
			sourceTree = "<group>";
		};
		0E4B89CF2ABEB48200F358CD /* for.JOY */ = {
			isa = PBXGroup;
			children = (
				0E4B89D02ABEB48200F358CD /* for_JOYApp.swift */,
				0E4B89D22ABEB48200F358CD /* ContentView.swift */,
				5B6A3FB82ABEFE7A0040C348 /* Data */,
				5B6A3FAA2ABEBACF0040C348 /* Resource */,
				5B6A3FA22ABEB9330040C348 /* Extensions */,
				0E4B89D62ABEB48400F358CD /* Preview Content */,
				0E3C0E652ABF79BD008DF2BD /* Model */,
				0E0F31372ABEFB6B00A95794 /* Views */,
				0E3C0E722ABFEE15008DF2BD /* PermissionHandler.swift */,
			);
			path = for.JOY;
			sourceTree = "<group>";
		};
		0E4B89D62ABEB48400F358CD /* Preview Content */ = {
			isa = PBXGroup;
			children = (
				0E4B89D72ABEB48400F358CD /* Preview Assets.xcassets */,
			);
			path = "Preview Content";
			sourceTree = "<group>";
		};
		5B6A3FA22ABEB9330040C348 /* Extensions */ = {
			isa = PBXGroup;
			children = (
				5B6A3F9C2ABEB81D0040C348 /* Font+.swift */,
				5B6A3FA02ABEB87A0040C348 /* Date+.swift */,
				5B6A3F9E2ABEB85E0040C348 /* Colors+.swift */,
				0E0F314D2ABF22F000A95794 /* UIScreen+.swift */,
			);
			path = Extensions;
			sourceTree = "<group>";
		};
		5B6A3FA32ABEBAB00040C348 /* LottieFiles */ = {
			isa = PBXGroup;
			children = (
				5B6A3FA42ABEBAB00040C348 /* SaveComplete2.json */,
				5B6A3FA52ABEBAB00040C348 /* RecComplete2.json */,
				5B6A3FA62ABEBAB00040C348 /* panpare.json */,
			);
			name = LottieFiles;
			path = for.JOY/Resource/LottieFiles;
			sourceTree = SOURCE_ROOT;
		};
		5B6A3FAA2ABEBACF0040C348 /* Resource */ = {
			isa = PBXGroup;
			children = (
				0E4B89D42ABEB48400F358CD /* Assets.xcassets */,
				5B6A3FA32ABEBAB00040C348 /* LottieFiles */,
			);
			path = Resource;
			sourceTree = "<group>";
		};
		5B6A3FB82ABEFE7A0040C348 /* Data */ = {
			isa = PBXGroup;
			children = (
				5B6A3FAB2ABEE6D60040C348 /* RealmManager.swift */,
				5B6A3FB92ABF03B20040C348 /* test.swift */,
				5B6A3FB52ABEFE150040C348 /* Memory.swift */,
			);
			name = Data;
			path = Resource/Data;
			sourceTree = "<group>";
		};
/* End PBXGroup section */

/* Begin PBXNativeTarget section */
		0E4B89CC2ABEB48200F358CD /* for.JOY */ = {
			isa = PBXNativeTarget;
			buildConfigurationList = 0E4B89F12ABEB48400F358CD /* Build configuration list for PBXNativeTarget "for.JOY" */;
			buildPhases = (
				0E4B89C92ABEB48200F358CD /* Sources */,
				0E4B89CA2ABEB48200F358CD /* Frameworks */,
				0E4B89CB2ABEB48200F358CD /* Resources */,
				0E0F31282ABEE49C00A95794 /* ShellScript */,
			);
			buildRules = (
			);
			dependencies = (
			);
			name = for.JOY;
			packageProductDependencies = (
				5B6A3FAE2ABEE7A70040C348 /* Realm */,
				5B6A3FB02ABEE7A70040C348 /* RealmSwift */,
				0E3C0E632ABF7019008DF2BD /* Lottie */,
			);
			productName = for.JOY;
			productReference = 0E4B89CD2ABEB48200F358CD /* for.JOY.app */;
			productType = "com.apple.product-type.application";
		};
/* End PBXNativeTarget section */

/* Begin PBXProject section */
		0E4B89C52ABEB48100F358CD /* Project object */ = {
			isa = PBXProject;
			attributes = {
				BuildIndependentTargetsInParallel = 1;
				LastSwiftUpdateCheck = 1500;
				LastUpgradeCheck = 1500;
				TargetAttributes = {
					0E4B89CC2ABEB48200F358CD = {
						CreatedOnToolsVersion = 15.0;
					};
				};
			};
			buildConfigurationList = 0E4B89C82ABEB48200F358CD /* Build configuration list for PBXProject "for.JOY" */;
			compatibilityVersion = "Xcode 14.0";
			developmentRegion = en;
			hasScannedForEncodings = 0;
			knownRegions = (
				en,
				Base,
			);
			mainGroup = 0E4B89C42ABEB48100F358CD;
			packageReferences = (
				5B6A3FAD2ABEE7A70040C348 /* XCRemoteSwiftPackageReference "realm-swift" */,
				0E3C0E622ABF7018008DF2BD /* XCRemoteSwiftPackageReference "lottie-spm" */,
			);
			productRefGroup = 0E4B89CE2ABEB48200F358CD /* Products */;
			projectDirPath = "";
			projectRoot = "";
			targets = (
				0E4B89CC2ABEB48200F358CD /* for.JOY */,
			);
		};
/* End PBXProject section */

/* Begin PBXResourcesBuildPhase section */
		0E4B89CB2ABEB48200F358CD /* Resources */ = {
			isa = PBXResourcesBuildPhase;
			buildActionMask = 2147483647;
			files = (
				5B6A3FA72ABEBAB00040C348 /* SaveComplete2.json in Resources */,
				0E4B89D82ABEB48400F358CD /* Preview Assets.xcassets in Resources */,
				5B6A3FA82ABEBAB00040C348 /* RecComplete2.json in Resources */,
				5B6A3FA92ABEBAB00040C348 /* panpare.json in Resources */,
				0E4B89D52ABEB48400F358CD /* Assets.xcassets in Resources */,
			);
			runOnlyForDeploymentPostprocessing = 0;
		};
/* End PBXResourcesBuildPhase section */

/* Begin PBXShellScriptBuildPhase section */
		0E0F31282ABEE49C00A95794 /* ShellScript */ = {
			isa = PBXShellScriptBuildPhase;
			buildActionMask = 2147483647;
			files = (
			);
			inputFileListPaths = (
			);
			inputPaths = (
			);
			outputFileListPaths = (
			);
			outputPaths = (
			);
			runOnlyForDeploymentPostprocessing = 0;
			shellPath = /bin/sh;
			shellScript = "if [[ \"$(uname -m)\" == arm64 ]]; then\n    export PATH=\"/opt/homebrew/bin:$PATH\"\nfi\n\nif which swiftlint > /dev/null; then\n  swiftlint\nelse\n  echo \"warning: SwiftLint not installed, download from https://github.com/realm/SwiftLint\"\nfi\n";
		};
/* End PBXShellScriptBuildPhase section */

/* Begin PBXSourcesBuildPhase section */
		0E4B89C92ABEB48200F358CD /* Sources */ = {
			isa = PBXSourcesBuildPhase;
			buildActionMask = 2147483647;
			files = (
				0E0F31722ABF3DCE00A95794 /* BarView.swift in Sources */,
				0E3C0E732ABFEE15008DF2BD /* PermissionHandler.swift in Sources */,
				0E0F316B2ABF390500A95794 /* TimerView.swift in Sources */,
				0E0F315A2ABF236900A95794 /* PhotoSelectButton.swift in Sources */,
				0E0F31692ABF38EE00A95794 /* VoiceViewModel.swift in Sources */,
				5B6A3F9D2ABEB81D0040C348 /* Font+.swift in Sources */,
				0E0F312C2ABEF90D00A95794 /* MainView.swift in Sources */,
				0E0F31322ABEFB1C00A95794 /* CarouselView.swift in Sources */,
				5B6A3F9F2ABEB85E0040C348 /* Colors+.swift in Sources */,
				0E0F312E2ABEFAD400A95794 /* AlbumView.swift in Sources */,
				0E3C0E5B2ABF5C9A008DF2BD /* InfoTagView.swift in Sources */,
				0E0F31362ABEFB2C00A95794 /* InfoView.swift in Sources */,
				5B6A3FA12ABEB87A0040C348 /* Date+.swift in Sources */,
				0E0F31502ABF230600A95794 /* Images.swift in Sources */,
				0E0F312A2ABEF6F400A95794 /* PageManager.swift in Sources */,
				0E4B89D32ABEB48200F358CD /* ContentView.swift in Sources */,
				0E0F314E2ABF22F000A95794 /* UIScreen+.swift in Sources */,
				0E4B89D12ABEB48200F358CD /* for_JOYApp.swift in Sources */,
				0E3C0E6B2ABF7B5E008DF2BD /* Info.swift in Sources */,
				0E3C0E672ABF79E6008DF2BD /* DataManager.swift in Sources */,
				0E3C0E612ABF6FD6008DF2BD /* LottieView.swift in Sources */,
				0E0F31702ABF3DB700A95794 /* MicrophoneMonitor.swift in Sources */,
				5B6A3FB62ABEFE150040C348 /* Memory.swift in Sources */,
				5B6A3FAC2ABEE6D60040C348 /* RealmManager.swift in Sources */,
				0E0F31302ABEFAF100A95794 /* GalleryView.swift in Sources */,
				5B6A3FBA2ABF03B20040C348 /* test.swift in Sources */,
				0E0F31582ABF235500A95794 /* ImageCropView.swift in Sources */,
				0E0F31522ABF231400A95794 /* Texts.swift in Sources */,
				0E3C0E5D2ABF5CFE008DF2BD /* Tag.swift in Sources */,
				0E3C0E5F2ABF6F73008DF2BD /* AddDoneView.swift in Sources */,
				0E0F31342ABEFB2500A95794 /* VoiceView.swift in Sources */,
				0E0F31562ABF234100A95794 /* ImagePickerView.swift in Sources */,
				0E0F316E2ABF3D9B00A95794 /* SoundVisualizer.swift in Sources */,
			);
			runOnlyForDeploymentPostprocessing = 0;
		};
/* End PBXSourcesBuildPhase section */

/* Begin XCBuildConfiguration section */
		0E4B89EF2ABEB48400F358CD /* Debug */ = {
			isa = XCBuildConfiguration;
			buildSettings = {
				ALWAYS_SEARCH_USER_PATHS = NO;
				ASSETCATALOG_COMPILER_GENERATE_SWIFT_ASSET_SYMBOL_EXTENSIONS = YES;
				CLANG_ANALYZER_NONNULL = YES;
				CLANG_ANALYZER_NUMBER_OBJECT_CONVERSION = YES_AGGRESSIVE;
				CLANG_CXX_LANGUAGE_STANDARD = "gnu++20";
				CLANG_ENABLE_MODULES = YES;
				CLANG_ENABLE_OBJC_ARC = YES;
				CLANG_ENABLE_OBJC_WEAK = YES;
				CLANG_WARN_BLOCK_CAPTURE_AUTORELEASING = YES;
				CLANG_WARN_BOOL_CONVERSION = YES;
				CLANG_WARN_COMMA = YES;
				CLANG_WARN_CONSTANT_CONVERSION = YES;
				CLANG_WARN_DEPRECATED_OBJC_IMPLEMENTATIONS = YES;
				CLANG_WARN_DIRECT_OBJC_ISA_USAGE = YES_ERROR;
				CLANG_WARN_DOCUMENTATION_COMMENTS = YES;
				CLANG_WARN_EMPTY_BODY = YES;
				CLANG_WARN_ENUM_CONVERSION = YES;
				CLANG_WARN_INFINITE_RECURSION = YES;
				CLANG_WARN_INT_CONVERSION = YES;
				CLANG_WARN_NON_LITERAL_NULL_CONVERSION = YES;
				CLANG_WARN_OBJC_IMPLICIT_RETAIN_SELF = YES;
				CLANG_WARN_OBJC_LITERAL_CONVERSION = YES;
				CLANG_WARN_OBJC_ROOT_CLASS = YES_ERROR;
				CLANG_WARN_QUOTED_INCLUDE_IN_FRAMEWORK_HEADER = YES;
				CLANG_WARN_RANGE_LOOP_ANALYSIS = YES;
				CLANG_WARN_STRICT_PROTOTYPES = YES;
				CLANG_WARN_SUSPICIOUS_MOVE = YES;
				CLANG_WARN_UNGUARDED_AVAILABILITY = YES_AGGRESSIVE;
				CLANG_WARN_UNREACHABLE_CODE = YES;
				CLANG_WARN__DUPLICATE_METHOD_MATCH = YES;
				COPY_PHASE_STRIP = NO;
				DEBUG_INFORMATION_FORMAT = dwarf;
				ENABLE_STRICT_OBJC_MSGSEND = YES;
				ENABLE_TESTABILITY = YES;
				ENABLE_USER_SCRIPT_SANDBOXING = YES;
				GCC_C_LANGUAGE_STANDARD = gnu17;
				GCC_DYNAMIC_NO_PIC = NO;
				GCC_NO_COMMON_BLOCKS = YES;
				GCC_OPTIMIZATION_LEVEL = 0;
				GCC_PREPROCESSOR_DEFINITIONS = (
					"DEBUG=1",
					"$(inherited)",
				);
				GCC_WARN_64_TO_32_BIT_CONVERSION = YES;
				GCC_WARN_ABOUT_RETURN_TYPE = YES_ERROR;
				GCC_WARN_UNDECLARED_SELECTOR = YES;
				GCC_WARN_UNINITIALIZED_AUTOS = YES_AGGRESSIVE;
				GCC_WARN_UNUSED_FUNCTION = YES;
				GCC_WARN_UNUSED_VARIABLE = YES;
				IPHONEOS_DEPLOYMENT_TARGET = 15.0;
				LOCALIZATION_PREFERS_STRING_CATALOGS = YES;
				MTL_ENABLE_DEBUG_INFO = INCLUDE_SOURCE;
				MTL_FAST_MATH = YES;
				ONLY_ACTIVE_ARCH = YES;
				SDKROOT = iphoneos;
				SWIFT_ACTIVE_COMPILATION_CONDITIONS = "DEBUG $(inherited)";
				SWIFT_OPTIMIZATION_LEVEL = "-Onone";
			};
			name = Debug;
		};
		0E4B89F02ABEB48400F358CD /* Release */ = {
			isa = XCBuildConfiguration;
			buildSettings = {
				ALWAYS_SEARCH_USER_PATHS = NO;
				ASSETCATALOG_COMPILER_GENERATE_SWIFT_ASSET_SYMBOL_EXTENSIONS = YES;
				CLANG_ANALYZER_NONNULL = YES;
				CLANG_ANALYZER_NUMBER_OBJECT_CONVERSION = YES_AGGRESSIVE;
				CLANG_CXX_LANGUAGE_STANDARD = "gnu++20";
				CLANG_ENABLE_MODULES = YES;
				CLANG_ENABLE_OBJC_ARC = YES;
				CLANG_ENABLE_OBJC_WEAK = YES;
				CLANG_WARN_BLOCK_CAPTURE_AUTORELEASING = YES;
				CLANG_WARN_BOOL_CONVERSION = YES;
				CLANG_WARN_COMMA = YES;
				CLANG_WARN_CONSTANT_CONVERSION = YES;
				CLANG_WARN_DEPRECATED_OBJC_IMPLEMENTATIONS = YES;
				CLANG_WARN_DIRECT_OBJC_ISA_USAGE = YES_ERROR;
				CLANG_WARN_DOCUMENTATION_COMMENTS = YES;
				CLANG_WARN_EMPTY_BODY = YES;
				CLANG_WARN_ENUM_CONVERSION = YES;
				CLANG_WARN_INFINITE_RECURSION = YES;
				CLANG_WARN_INT_CONVERSION = YES;
				CLANG_WARN_NON_LITERAL_NULL_CONVERSION = YES;
				CLANG_WARN_OBJC_IMPLICIT_RETAIN_SELF = YES;
				CLANG_WARN_OBJC_LITERAL_CONVERSION = YES;
				CLANG_WARN_OBJC_ROOT_CLASS = YES_ERROR;
				CLANG_WARN_QUOTED_INCLUDE_IN_FRAMEWORK_HEADER = YES;
				CLANG_WARN_RANGE_LOOP_ANALYSIS = YES;
				CLANG_WARN_STRICT_PROTOTYPES = YES;
				CLANG_WARN_SUSPICIOUS_MOVE = YES;
				CLANG_WARN_UNGUARDED_AVAILABILITY = YES_AGGRESSIVE;
				CLANG_WARN_UNREACHABLE_CODE = YES;
				CLANG_WARN__DUPLICATE_METHOD_MATCH = YES;
				COPY_PHASE_STRIP = NO;
				DEBUG_INFORMATION_FORMAT = "dwarf-with-dsym";
				ENABLE_NS_ASSERTIONS = NO;
				ENABLE_STRICT_OBJC_MSGSEND = YES;
				ENABLE_USER_SCRIPT_SANDBOXING = YES;
				GCC_C_LANGUAGE_STANDARD = gnu17;
				GCC_NO_COMMON_BLOCKS = YES;
				GCC_WARN_64_TO_32_BIT_CONVERSION = YES;
				GCC_WARN_ABOUT_RETURN_TYPE = YES_ERROR;
				GCC_WARN_UNDECLARED_SELECTOR = YES;
				GCC_WARN_UNINITIALIZED_AUTOS = YES_AGGRESSIVE;
				GCC_WARN_UNUSED_FUNCTION = YES;
				GCC_WARN_UNUSED_VARIABLE = YES;
				IPHONEOS_DEPLOYMENT_TARGET = 15.0;
				LOCALIZATION_PREFERS_STRING_CATALOGS = YES;
				MTL_ENABLE_DEBUG_INFO = NO;
				MTL_FAST_MATH = YES;
				SDKROOT = iphoneos;
				SWIFT_COMPILATION_MODE = wholemodule;
				VALIDATE_PRODUCT = YES;
			};
			name = Release;
		};
		0E4B89F22ABEB48400F358CD /* Debug */ = {
			isa = XCBuildConfiguration;
			buildSettings = {
				ASSETCATALOG_COMPILER_APPICON_NAME = AppIcon;
				ASSETCATALOG_COMPILER_GLOBAL_ACCENT_COLOR_NAME = AccentColor;
				CODE_SIGN_STYLE = Automatic;
				CURRENT_PROJECT_VERSION = 1;
				DEVELOPMENT_ASSET_PATHS = "\"for.JOY/Preview Content\"";
				DEVELOPMENT_TEAM = HQS8MXQ7B5;
				ENABLE_PREVIEWS = YES;
				ENABLE_USER_SCRIPT_SANDBOXING = NO;
				GENERATE_INFOPLIST_FILE = YES;
				INFOPLIST_KEY_NSCameraUsageDescription = "\"forJoy\"가 게시글에 사진을 촬영하여 등록하는 기능 사용을 위해 카메라에 접근하도록 허용합니다.";
				INFOPLIST_KEY_NSMicrophoneUsageDescription = "\"forJoy\"가 음성을 녹음하여 게시글에 오디오를 첨부하는 기능 사용을 위해 마이크에 접근하도록 허용합니다.";
				INFOPLIST_KEY_NSPhotoLibraryUsageDescription = "\"forJoy\"가 게시글에 사진을 첨부하는 기능 사용을 위해 사진 라이브러리에 접근하도록 허용합니다.";
				INFOPLIST_KEY_UIApplicationSceneManifest_Generation = YES;
				INFOPLIST_KEY_UIApplicationSupportsIndirectInputEvents = YES;
				INFOPLIST_KEY_UILaunchScreen_Generation = YES;
				INFOPLIST_KEY_UISupportedInterfaceOrientations_iPad = "UIInterfaceOrientationPortrait UIInterfaceOrientationPortraitUpsideDown UIInterfaceOrientationLandscapeLeft UIInterfaceOrientationLandscapeRight";
				INFOPLIST_KEY_UISupportedInterfaceOrientations_iPhone = "UIInterfaceOrientationPortrait UIInterfaceOrientationLandscapeLeft UIInterfaceOrientationLandscapeRight";
				LD_RUNPATH_SEARCH_PATHS = (
					"$(inherited)",
					"@executable_path/Frameworks",
				);
				MARKETING_VERSION = 1.0;
				PRODUCT_BUNDLE_IDENTIFIER = "com.hyebin.for-JOY";
				PRODUCT_NAME = "$(TARGET_NAME)";
				SWIFT_EMIT_LOC_STRINGS = YES;
				SWIFT_VERSION = 5.0;
				TARGETED_DEVICE_FAMILY = "1,2";
			};
			name = Debug;
		};
		0E4B89F32ABEB48400F358CD /* Release */ = {
			isa = XCBuildConfiguration;
			buildSettings = {
				ASSETCATALOG_COMPILER_APPICON_NAME = AppIcon;
				ASSETCATALOG_COMPILER_GLOBAL_ACCENT_COLOR_NAME = AccentColor;
				CODE_SIGN_STYLE = Automatic;
				CURRENT_PROJECT_VERSION = 1;
				DEVELOPMENT_ASSET_PATHS = "\"for.JOY/Preview Content\"";
				DEVELOPMENT_TEAM = HQS8MXQ7B5;
				ENABLE_PREVIEWS = YES;
				ENABLE_USER_SCRIPT_SANDBOXING = NO;
				GENERATE_INFOPLIST_FILE = YES;
				INFOPLIST_KEY_NSCameraUsageDescription = "\"forJoy\"가 게시글에 사진을 촬영하여 등록하는 기능 사용을 위해 카메라에 접근하도록 허용합니다.";
				INFOPLIST_KEY_NSMicrophoneUsageDescription = "\"forJoy\"가 음성을 녹음하여 게시글에 오디오를 첨부하는 기능 사용을 위해 마이크에 접근하도록 허용합니다.";
				INFOPLIST_KEY_NSPhotoLibraryUsageDescription = "\"forJoy\"가 게시글에 사진을 첨부하는 기능 사용을 위해 사진 라이브러리에 접근하도록 허용합니다.";
				INFOPLIST_KEY_UIApplicationSceneManifest_Generation = YES;
				INFOPLIST_KEY_UIApplicationSupportsIndirectInputEvents = YES;
				INFOPLIST_KEY_UILaunchScreen_Generation = YES;
				INFOPLIST_KEY_UISupportedInterfaceOrientations_iPad = "UIInterfaceOrientationPortrait UIInterfaceOrientationPortraitUpsideDown UIInterfaceOrientationLandscapeLeft UIInterfaceOrientationLandscapeRight";
				INFOPLIST_KEY_UISupportedInterfaceOrientations_iPhone = "UIInterfaceOrientationPortrait UIInterfaceOrientationLandscapeLeft UIInterfaceOrientationLandscapeRight";
				LD_RUNPATH_SEARCH_PATHS = (
					"$(inherited)",
					"@executable_path/Frameworks",
				);
				MARKETING_VERSION = 1.0;
				PRODUCT_BUNDLE_IDENTIFIER = "com.hyebin.for-JOY";
				PRODUCT_NAME = "$(TARGET_NAME)";
				SWIFT_EMIT_LOC_STRINGS = YES;
				SWIFT_VERSION = 5.0;
				TARGETED_DEVICE_FAMILY = "1,2";
			};
			name = Release;
		};
/* End XCBuildConfiguration section */

/* Begin XCConfigurationList section */
		0E4B89C82ABEB48200F358CD /* Build configuration list for PBXProject "for.JOY" */ = {
			isa = XCConfigurationList;
			buildConfigurations = (
				0E4B89EF2ABEB48400F358CD /* Debug */,
				0E4B89F02ABEB48400F358CD /* Release */,
			);
			defaultConfigurationIsVisible = 0;
			defaultConfigurationName = Release;
		};
		0E4B89F12ABEB48400F358CD /* Build configuration list for PBXNativeTarget "for.JOY" */ = {
			isa = XCConfigurationList;
			buildConfigurations = (
				0E4B89F22ABEB48400F358CD /* Debug */,
				0E4B89F32ABEB48400F358CD /* Release */,
			);
			defaultConfigurationIsVisible = 0;
			defaultConfigurationName = Release;
		};
/* End XCConfigurationList section */

/* Begin XCRemoteSwiftPackageReference section */
		0E3C0E622ABF7018008DF2BD /* XCRemoteSwiftPackageReference "lottie-spm" */ = {
			isa = XCRemoteSwiftPackageReference;
			repositoryURL = "https://github.com/airbnb/lottie-spm.git";
			requirement = {
				kind = upToNextMajorVersion;
				minimumVersion = 4.0.0;
			};
		};
		5B6A3FAD2ABEE7A70040C348 /* XCRemoteSwiftPackageReference "realm-swift" */ = {
			isa = XCRemoteSwiftPackageReference;
			repositoryURL = "https://github.com/realm/realm-swift.git";
			requirement = {
				branch = master;
				kind = branch;
			};
		};
/* End XCRemoteSwiftPackageReference section */

/* Begin XCSwiftPackageProductDependency section */
		0E3C0E632ABF7019008DF2BD /* Lottie */ = {
			isa = XCSwiftPackageProductDependency;
			package = 0E3C0E622ABF7018008DF2BD /* XCRemoteSwiftPackageReference "lottie-spm" */;
			productName = Lottie;
		};
		5B6A3FAE2ABEE7A70040C348 /* Realm */ = {
			isa = XCSwiftPackageProductDependency;
			package = 5B6A3FAD2ABEE7A70040C348 /* XCRemoteSwiftPackageReference "realm-swift" */;
			productName = Realm;
		};
		5B6A3FB02ABEE7A70040C348 /* RealmSwift */ = {
			isa = XCSwiftPackageProductDependency;
			package = 5B6A3FAD2ABEE7A70040C348 /* XCRemoteSwiftPackageReference "realm-swift" */;
			productName = RealmSwift;
		};
/* End XCSwiftPackageProductDependency section */
	};
	rootObject = 0E4B89C52ABEB48100F358CD /* Project object */;
}
